// !$*UTF8*$!
{
	archiveVersion = 1;
	classes = {
	};
	objectVersion = 50;
	objects = {

/* Begin PBXBuildFile section */
		C4614BA5266E262C003CC18A /* AppDelegate.swift in Sources */ = {isa = PBXBuildFile; fileRef = C4614BA4266E262C003CC18A /* AppDelegate.swift */; };
		C4614BA7266E262C003CC18A /* SceneDelegate.swift in Sources */ = {isa = PBXBuildFile; fileRef = C4614BA6266E262C003CC18A /* SceneDelegate.swift */; };
		C4614BA9266E262C003CC18A /* ViewController.swift in Sources */ = {isa = PBXBuildFile; fileRef = C4614BA8266E262C003CC18A /* ViewController.swift */; };
		C4614BAC266E262C003CC18A /* Main.storyboard in Resources */ = {isa = PBXBuildFile; fileRef = C4614BAA266E262C003CC18A /* Main.storyboard */; };
		C4614BAE266E262D003CC18A /* Assets.xcassets in Resources */ = {isa = PBXBuildFile; fileRef = C4614BAD266E262D003CC18A /* Assets.xcassets */; };
		C4614BB1266E262D003CC18A /* LaunchScreen.storyboard in Resources */ = {isa = PBXBuildFile; fileRef = C4614BAF266E262D003CC18A /* LaunchScreen.storyboard */; };
		C4614BB9266E26F2003CC18A /* CustomView.xib in Resources */ = {isa = PBXBuildFile; fileRef = C4614BB8266E26F2003CC18A /* CustomView.xib */; };
		C4614BBB266E2AA5003CC18A /* CustomView.swift in Sources */ = {isa = PBXBuildFile; fileRef = C4614BBA266E2AA5003CC18A /* CustomView.swift */; };
/* End PBXBuildFile section */

/* Begin PBXFileReference section */
		C4614BA1266E262C003CC18A /* CreateCustomViewByXib.app */ = {isa = PBXFileReference; explicitFileType = wrapper.application; includeInIndex = 0; path = CreateCustomViewByXib.app; sourceTree = BUILT_PRODUCTS_DIR; };
		C4614BA4266E262C003CC18A /* AppDelegate.swift */ = {isa = PBXFileReference; lastKnownFileType = sourcecode.swift; path = AppDelegate.swift; sourceTree = "<group>"; };
		C4614BA6266E262C003CC18A /* SceneDelegate.swift */ = {isa = PBXFileReference; lastKnownFileType = sourcecode.swift; path = SceneDelegate.swift; sourceTree = "<group>"; };
		C4614BA8266E262C003CC18A /* ViewController.swift */ = {isa = PBXFileReference; lastKnownFileType = sourcecode.swift; path = ViewController.swift; sourceTree = "<group>"; };
		C4614BAB266E262C003CC18A /* Base */ = {isa = PBXFileReference; lastKnownFileType = file.storyboard; name = Base; path = Base.lproj/Main.storyboard; sourceTree = "<group>"; };
		C4614BAD266E262D003CC18A /* Assets.xcassets */ = {isa = PBXFileReference; lastKnownFileType = folder.assetcatalog; path = Assets.xcassets; sourceTree = "<group>"; };
		C4614BB0266E262D003CC18A /* Base */ = {isa = PBXFileReference; lastKnownFileType = file.storyboard; name = Base; path = Base.lproj/LaunchScreen.storyboard; sourceTree = "<group>"; };
		C4614BB2266E262D003CC18A /* Info.plist */ = {isa = PBXFileReference; lastKnownFileType = text.plist.xml; path = Info.plist; sourceTree = "<group>"; };
		C4614BB8266E26F2003CC18A /* CustomView.xib */ = {isa = PBXFileReference; lastKnownFileType = file.xib; path = CustomView.xib; sourceTree = "<group>"; };
		C4614BBA266E2AA5003CC18A /* CustomView.swift */ = {isa = PBXFileReference; lastKnownFileType = sourcecode.swift; path = CustomView.swift; sourceTree = "<group>"; };
/* End PBXFileReference section */

/* Begin PBXFrameworksBuildPhase section */
		C4614B9E266E262C003CC18A /* Frameworks */ = {
			isa = PBXFrameworksBuildPhase;
			buildActionMask = 2147483647;
			files = (
			);
			runOnlyForDeploymentPostprocessing = 0;
		};
/* End PBXFrameworksBuildPhase section */

/* Begin PBXGroup section */
		C4614B98266E262C003CC18A = {
			isa = PBXGroup;
			children = (
				C4614BA3266E262C003CC18A /* CreateCustomViewByXib */,
				C4614BA2266E262C003CC18A /* Products */,
			);
			sourceTree = "<group>";
		};
		C4614BA2266E262C003CC18A /* Products */ = {
			isa = PBXGroup;
			children = (
				C4614BA1266E262C003CC18A /* CreateCustomViewByXib.app */,
			);
			name = Products;
			sourceTree = "<group>";
		};
		C4614BA3266E262C003CC18A /* CreateCustomViewByXib */ = {
			isa = PBXGroup;
			children = (
				C4614BA4266E262C003CC18A /* AppDelegate.swift */,
				C4614BA6266E262C003CC18A /* SceneDelegate.swift */,
				C4614BA8266E262C003CC18A /* ViewController.swift */,
				C4614BAA266E262C003CC18A /* Main.storyboard */,
				C4614BBA266E2AA5003CC18A /* CustomView.swift */,
				C4614BB8266E26F2003CC18A /* CustomView.xib */,
				C4614BAD266E262D003CC18A /* Assets.xcassets */,
				C4614BAF266E262D003CC18A /* LaunchScreen.storyboard */,
				C4614BB2266E262D003CC18A /* Info.plist */,
			);
			path = CreateCustomViewByXib;
			sourceTree = "<group>";
		};
/* End PBXGroup section */

/* Begin PBXNativeTarget section */
		C4614BA0266E262C003CC18A /* CreateCustomViewByXib */ = {
			isa = PBXNativeTarget;
			buildConfigurationList = C4614BB5266E262D003CC18A /* Build configuration list for PBXNativeTarget "CreateCustomViewByXib" */;
			buildPhases = (
				C4614B9D266E262C003CC18A /* Sources */,
				C4614B9E266E262C003CC18A /* Frameworks */,
				C4614B9F266E262C003CC18A /* Resources */,
			);
			buildRules = (
			);
			dependencies = (
			);
			name = CreateCustomViewByXib;
			productName = CreateCustomViewByXib;
			productReference = C4614BA1266E262C003CC18A /* CreateCustomViewByXib.app */;
			productType = "com.apple.product-type.application";
		};
/* End PBXNativeTarget section */

/* Begin PBXProject section */
		C4614B99266E262C003CC18A /* Project object */ = {
			isa = PBXProject;
			attributes = {
				LastSwiftUpdateCheck = 1250;
				LastUpgradeCheck = 1250;
				TargetAttributes = {
					C4614BA0266E262C003CC18A = {
						CreatedOnToolsVersion = 12.5;
					};
				};
			};
			buildConfigurationList = C4614B9C266E262C003CC18A /* Build configuration list for PBXProject "CreateCustomViewByXib" */;
			compatibilityVersion = "Xcode 9.3";
			developmentRegion = en;
			hasScannedForEncodings = 0;
			knownRegions = (
				en,
				Base,
			);
			mainGroup = C4614B98266E262C003CC18A;
			productRefGroup = C4614BA2266E262C003CC18A /* Products */;
			projectDirPath = "";
			projectRoot = "";
			targets = (
				C4614BA0266E262C003CC18A /* CreateCustomViewByXib */,
			);
		};
/* End PBXProject section */

/* Begin PBXResourcesBuildPhase section */
		C4614B9F266E262C003CC18A /* Resources */ = {
			isa = PBXResourcesBuildPhase;
			buildActionMask = 2147483647;
			files = (
				C4614BB1266E262D003CC18A /* LaunchScreen.storyboard in Resources */,
				C4614BB9266E26F2003CC18A /* CustomView.xib in Resources */,
				C4614BAE266E262D003CC18A /* Assets.xcassets in Resources */,
				C4614BAC266E262C003CC18A /* Main.storyboard in Resources */,
			);
			runOnlyForDeploymentPostprocessing = 0;
		};
/* End PBXResourcesBuildPhase section */

/* Begin PBXSourcesBuildPhase section */
		C4614B9D266E262C003CC18A /* Sources */ = {
			isa = PBXSourcesBuildPhase;
			buildActionMask = 2147483647;
			files = (
				C4614BA9266E262C003CC18A /* ViewController.swift in Sources */,
				C4614BBB266E2AA5003CC18A /* CustomView.swift in Sources */,
				C4614BA5266E262C003CC18A /* AppDelegate.swift in Sources */,
				C4614BA7266E262C003CC18A /* SceneDelegate.swift in Sources */,
			);
			runOnlyForDeploymentPostprocessing = 0;
		};
/* End PBXSourcesBuildPhase section */

/* Begin PBXVariantGroup section */
		C4614BAA266E262C003CC18A /* Main.storyboard */ = {
			isa = PBXVariantGroup;
			children = (
				C4614BAB266E262C003CC18A /* Base */,
			);
			name = Main.storyboard;
			sourceTree = "<group>";
		};
		C4614BAF266E262D003CC18A /* LaunchScreen.storyboard */ = {
			isa = PBXVariantGroup;
			children = (
				C4614BB0266E262D003CC18A /* Base */,
			);
			name = LaunchScreen.storyboard;
			sourceTree = "<group>";
		};
/* End PBXVariantGroup section */

/* Begin XCBuildConfiguration section */
		C4614BB3266E262D003CC18A /* Debug */ = {
			isa = XCBuildConfiguration;
			buildSettings = {
				ALWAYS_SEARCH_USER_PATHS = NO;
				CLANG_ANALYZER_NONNULL = YES;
				CLANG_ANALYZER_NUMBER_OBJECT_CONVERSION = YES_AGGRESSIVE;
				CLANG_CXX_LANGUAGE_STANDARD = "gnu++14";
				CLANG_CXX_LIBRARY = "libc++";
				CLANG_ENABLE_MODULES = YES;
				CLANG_ENABLE_OBJC_ARC = YES;
				CLANG_ENABLE_OBJC_WEAK = YES;
				CLANG_WARN_BLOCK_CAPTURE_AUTORELEASING = YES;
				CLANG_WARN_BOOL_CONVERSION = YES;
				CLANG_WARN_COMMA = YES;
				CLANG_WARN_CONSTANT_CONVERSION = YES;
				CLANG_WARN_DEPRECATED_OBJC_IMPLEMENTATIONS = YES;
				CLANG_WARN_DIRECT_OBJC_ISA_USAGE = YES_ERROR;
				CLANG_WARN_DOCUMENTATION_COMMENTS = YES;
				CLANG_WARN_EMPTY_BODY = YES;
				CLANG_WARN_ENUM_CONVERSION = YES;
				CLANG_WARN_INFINITE_RECURSION = YES;
				CLANG_WARN_INT_CONVERSION = YES;
				CLANG_WARN_NON_LITERAL_NULL_CONVERSION = YES;
				CLANG_WARN_OBJC_IMPLICIT_RETAIN_SELF = YES;
				CLANG_WARN_OBJC_LITERAL_CONVERSION = YES;
				CLANG_WARN_OBJC_ROOT_CLASS = YES_ERROR;
				CLANG_WARN_QUOTED_INCLUDE_IN_FRAMEWORK_HEADER = YES;
				CLANG_WARN_RANGE_LOOP_ANALYSIS = YES;
				CLANG_WARN_STRICT_PROTOTYPES = YES;
				CLANG_WARN_SUSPICIOUS_MOVE = YES;
				CLANG_WARN_UNGUARDED_AVAILABILITY = YES_AGGRESSIVE;
				CLANG_WARN_UNREACHABLE_CODE = YES;
				CLANG_WARN__DUPLICATE_METHOD_MATCH = YES;
				COPY_PHASE_STRIP = NO;
				DEBUG_INFORMATION_FORMAT = dwarf;
				ENABLE_STRICT_OBJC_MSGSEND = YES;
				ENABLE_TESTABILITY = YES;
				GCC_C_LANGUAGE_STANDARD = gnu11;
				GCC_DYNAMIC_NO_PIC = NO;
				GCC_NO_COMMON_BLOCKS = YES;
				GCC_OPTIMIZATION_LEVEL = 0;
				GCC_PREPROCESSOR_DEFINITIONS = (
					"DEBUG=1",
					"$(inherited)",
				);
				GCC_WARN_64_TO_32_BIT_CONVERSION = YES;
				GCC_WARN_ABOUT_RETURN_TYPE = YES_ERROR;
				GCC_WARN_UNDECLARED_SELECTOR = YES;
				GCC_WARN_UNINITIALIZED_AUTOS = YES_AGGRESSIVE;
				GCC_WARN_UNUSED_FUNCTION = YES;
				GCC_WARN_UNUSED_VARIABLE = YES;
				IPHONEOS_DEPLOYMENT_TARGET = 14.5;
				MTL_ENABLE_DEBUG_INFO = INCLUDE_SOURCE;
				MTL_FAST_MATH = YES;
				ONLY_ACTIVE_ARCH = YES;
				SDKROOT = iphoneos;
				SWIFT_ACTIVE_COMPILATION_CONDITIONS = DEBUG;
				SWIFT_OPTIMIZATION_LEVEL = "-Onone";
			};
			name = Debug;
		};
		C4614BB4266E262D003CC18A /* Release */ = {
			isa = XCBuildConfiguration;
			buildSettings = {
				ALWAYS_SEARCH_USER_PATHS = NO;
				CLANG_ANALYZER_NONNULL = YES;
				CLANG_ANALYZER_NUMBER_OBJECT_CONVERSION = YES_AGGRESSIVE;
				CLANG_CXX_LANGUAGE_STANDARD = "gnu++14";
				CLANG_CXX_LIBRARY = "libc++";
				CLANG_ENABLE_MODULES = YES;
				CLANG_ENABLE_OBJC_ARC = YES;
				CLANG_ENABLE_OBJC_WEAK = YES;
				CLANG_WARN_BLOCK_CAPTURE_AUTORELEASING = YES;
				CLANG_WARN_BOOL_CONVERSION = YES;
				CLANG_WARN_COMMA = YES;
				CLANG_WARN_CONSTANT_CONVERSION = YES;
				CLANG_WARN_DEPRECATED_OBJC_IMPLEMENTATIONS = YES;
				CLANG_WARN_DIRECT_OBJC_ISA_USAGE = YES_ERROR;
				CLANG_WARN_DOCUMENTATION_COMMENTS = YES;
				CLANG_WARN_EMPTY_BODY = YES;
				CLANG_WARN_ENUM_CONVERSION = YES;
				CLANG_WARN_INFINITE_RECURSION = YES;
				CLANG_WARN_INT_CONVERSION = YES;
				CLANG_WARN_NON_LITERAL_NULL_CONVERSION = YES;
				CLANG_WARN_OBJC_IMPLICIT_RETAIN_SELF = YES;
				CLANG_WARN_OBJC_LITERAL_CONVERSION = YES;
				CLANG_WARN_OBJC_ROOT_CLASS = YES_ERROR;
				CLANG_WARN_QUOTED_INCLUDE_IN_FRAMEWORK_HEADER = YES;
				CLANG_WARN_RANGE_LOOP_ANALYSIS = YES;
				CLANG_WARN_STRICT_PROTOTYPES = YES;
				CLANG_WARN_SUSPICIOUS_MOVE = YES;
				CLANG_WARN_UNGUARDED_AVAILABILITY = YES_AGGRESSIVE;
				CLANG_WARN_UNREACHABLE_CODE = YES;
				CLANG_WARN__DUPLICATE_METHOD_MATCH = YES;
				COPY_PHASE_STRIP = NO;
				DEBUG_INFORMATION_FORMAT = "dwarf-with-dsym";
				ENABLE_NS_ASSERTIONS = NO;
				ENABLE_STRICT_OBJC_MSGSEND = YES;
				GCC_C_LANGUAGE_STANDARD = gnu11;
				GCC_NO_COMMON_BLOCKS = YES;
				GCC_WARN_64_TO_32_BIT_CONVERSION = YES;
				GCC_WARN_ABOUT_RETURN_TYPE = YES_ERROR;
				GCC_WARN_UNDECLARED_SELECTOR = YES;
				GCC_WARN_UNINITIALIZED_AUTOS = YES_AGGRESSIVE;
				GCC_WARN_UNUSED_FUNCTION = YES;
				GCC_WARN_UNUSED_VARIABLE = YES;
				IPHONEOS_DEPLOYMENT_TARGET = 14.5;
				MTL_ENABLE_DEBUG_INFO = NO;
				MTL_FAST_MATH = YES;
				SDKROOT = iphoneos;
				SWIFT_COMPILATION_MODE = wholemodule;
				SWIFT_OPTIMIZATION_LEVEL = "-O";
				VALIDATE_PRODUCT = YES;
			};
			name = Release;
		};
		C4614BB6266E262D003CC18A /* Debug */ = {
			isa = XCBuildConfiguration;
			buildSettings = {
				ASSETCATALOG_COMPILER_APPICON_NAME = AppIcon;
				ASSETCATALOG_COMPILER_GLOBAL_ACCENT_COLOR_NAME = AccentColor;
				CODE_SIGN_STYLE = Automatic;
				DEVELOPMENT_TEAM = 274245Q59F;
				INFOPLIST_FILE = CreateCustomViewByXib/Info.plist;
				LD_RUNPATH_SEARCH_PATHS = (
					"$(inherited)",
					"@executable_path/Frameworks",
				);
				PRODUCT_BUNDLE_IDENTIFIER = jackie.CreateCustomViewByXib;
				PRODUCT_NAME = "$(TARGET_NAME)";
				SWIFT_VERSION = 5.0;
				TARGETED_DEVICE_FAMILY = "1,2";
			};
			name = Debug;
		};
		C4614BB7266E262D003CC18A /* Release */ = {
			isa = XCBuildConfiguration;
			buildSettings = {
				ASSETCATALOG_COMPILER_APPICON_NAME = AppIcon;
				ASSETCATALOG_COMPILER_GLOBAL_ACCENT_COLOR_NAME = AccentColor;
				CODE_SIGN_STYLE = Automatic;
				DEVELOPMENT_TEAM = 274245Q59F;
				INFOPLIST_FILE = CreateCustomViewByXib/Info.plist;
				LD_RUNPATH_SEARCH_PATHS = (
					"$(inherited)",
					"@executable_path/Frameworks",
				);
				PRODUCT_BUNDLE_IDENTIFIER = jackie.CreateCustomViewByXib;
				PRODUCT_NAME = "$(TARGET_NAME)";
				SWIFT_VERSION = 5.0;
				TARGETED_DEVICE_FAMILY = "1,2";
			};
			name = Release;
		};
/* End XCBuildConfiguration section */

/* Begin XCConfigurationList section */
		C4614B9C266E262C003CC18A /* Build configuration list for PBXProject "CreateCustomViewByXib" */ = {
			isa = XCConfigurationList;
			buildConfigurations = (
				C4614BB3266E262D003CC18A /* Debug */,
				C4614BB4266E262D003CC18A /* Release */,
			);
			defaultConfigurationIsVisible = 0;
			defaultConfigurationName = Release;
		};
		C4614BB5266E262D003CC18A /* Build configuration list for PBXNativeTarget "CreateCustomViewByXib" */ = {
			isa = XCConfigurationList;
			buildConfigurations = (
				C4614BB6266E262D003CC18A /* Debug */,
				C4614BB7266E262D003CC18A /* Release */,
			);
			defaultConfigurationIsVisible = 0;
			defaultConfigurationName = Release;
		};
/* End XCConfigurationList section */
	};
	rootObject = C4614B99266E262C003CC18A /* Project object */;
}
